// !$*UTF8*$!
{
	archiveVersion = 1;
	classes = {
	};
	objectVersion = 56;
	objects = {

/* Begin PBXBuildFile section */
		A424C04929EA7D2D0080C7E1 /* AppDelegate.swift in Sources */ = {isa = PBXBuildFile; fileRef = A424C04829EA7D2D0080C7E1 /* AppDelegate.swift */; };
		A424C04B29EA7D2D0080C7E1 /* SceneDelegate.swift in Sources */ = {isa = PBXBuildFile; fileRef = A424C04A29EA7D2D0080C7E1 /* SceneDelegate.swift */; };
		A424C04D29EA7D2D0080C7E1 /* CardsViewController.swift in Sources */ = {isa = PBXBuildFile; fileRef = A424C04C29EA7D2D0080C7E1 /* CardsViewController.swift */; };
		A424C05229EA7D2D0080C7E1 /* Assets.xcassets in Resources */ = {isa = PBXBuildFile; fileRef = A424C05129EA7D2D0080C7E1 /* Assets.xcassets */; };
		A424C05529EA7D2D0080C7E1 /* LaunchScreen.storyboard in Resources */ = {isa = PBXBuildFile; fileRef = A424C05329EA7D2D0080C7E1 /* LaunchScreen.storyboard */; };
		A424C05D29EA7FEB0080C7E1 /* CardsViewModel.swift in Sources */ = {isa = PBXBuildFile; fileRef = A424C05C29EA7FEB0080C7E1 /* CardsViewModel.swift */; };
		A424C05F29EA80D70080C7E1 /* Constants.swift in Sources */ = {isa = PBXBuildFile; fileRef = A424C05E29EA80D70080C7E1 /* Constants.swift */; };
		A424C06229EA84A10080C7E1 /* NetworkManager.swift in Sources */ = {isa = PBXBuildFile; fileRef = A424C06129EA84A10080C7E1 /* NetworkManager.swift */; };
		A424C06829EA9C080080C7E1 /* RequestHeader.swift in Sources */ = {isa = PBXBuildFile; fileRef = A424C06729EA9C080080C7E1 /* RequestHeader.swift */; };
		A424C06A29EA9D7C0080C7E1 /* Card.swift in Sources */ = {isa = PBXBuildFile; fileRef = A424C06929EA9D7C0080C7E1 /* Card.swift */; };
		A424C06E29EAA0700080C7E1 /* LoyaltyCell.swift in Sources */ = {isa = PBXBuildFile; fileRef = A424C06D29EAA0700080C7E1 /* LoyaltyCell.swift */; };
		A424C07029EAA6C60080C7E1 /* UIView + Extensions.swift in Sources */ = {isa = PBXBuildFile; fileRef = A424C06F29EAA6C60080C7E1 /* UIView + Extensions.swift */; };
		A424C07329EAB32C0080C7E1 /* CompanyCell.swift in Sources */ = {isa = PBXBuildFile; fileRef = A424C07229EAB32C0080C7E1 /* CompanyCell.swift */; };
		A424C07529EAB3350080C7E1 /* ActionsCell.swift in Sources */ = {isa = PBXBuildFile; fileRef = A424C07429EAB3350080C7E1 /* ActionsCell.swift */; };
		A424C07729EAB4490080C7E1 /* CGFloat + Extensions.swift in Sources */ = {isa = PBXBuildFile; fileRef = A424C07629EAB4490080C7E1 /* CGFloat + Extensions.swift */; };
		A424C07929EAC0420080C7E1 /* UIColor + Extensions.swift in Sources */ = {isa = PBXBuildFile; fileRef = A424C07829EAC0420080C7E1 /* UIColor + Extensions.swift */; };
		A424C08829EAFF420080C7E1 /* SpinningCircleView.swift in Sources */ = {isa = PBXBuildFile; fileRef = A424C08729EAFF420080C7E1 /* SpinningCircleView.swift */; };
		A424C08D29EB01950080C7E1 /* LoadingView.swift in Sources */ = {isa = PBXBuildFile; fileRef = A424C08C29EB01950080C7E1 /* LoadingView.swift */; };
		A4D55BAC29ED27E500C61E3B /* ImageCache.swift in Sources */ = {isa = PBXBuildFile; fileRef = A4D55BAB29ED27E500C61E3B /* ImageCache.swift */; };
/* End PBXBuildFile section */

/* Begin PBXFileReference section */
		A424C04529EA7D2D0080C7E1 /* TechTask-CardsApp.app */ = {isa = PBXFileReference; explicitFileType = wrapper.application; includeInIndex = 0; path = "TechTask-CardsApp.app"; sourceTree = BUILT_PRODUCTS_DIR; };
		A424C04829EA7D2D0080C7E1 /* AppDelegate.swift */ = {isa = PBXFileReference; lastKnownFileType = sourcecode.swift; path = AppDelegate.swift; sourceTree = "<group>"; };
		A424C04A29EA7D2D0080C7E1 /* SceneDelegate.swift */ = {isa = PBXFileReference; lastKnownFileType = sourcecode.swift; path = SceneDelegate.swift; sourceTree = "<group>"; };
		A424C04C29EA7D2D0080C7E1 /* CardsViewController.swift */ = {isa = PBXFileReference; lastKnownFileType = sourcecode.swift; path = CardsViewController.swift; sourceTree = "<group>"; };
		A424C05129EA7D2D0080C7E1 /* Assets.xcassets */ = {isa = PBXFileReference; lastKnownFileType = folder.assetcatalog; path = Assets.xcassets; sourceTree = "<group>"; };
		A424C05429EA7D2D0080C7E1 /* Base */ = {isa = PBXFileReference; lastKnownFileType = file.storyboard; name = Base; path = Base.lproj/LaunchScreen.storyboard; sourceTree = "<group>"; };
		A424C05629EA7D2D0080C7E1 /* Info.plist */ = {isa = PBXFileReference; lastKnownFileType = text.plist.xml; path = Info.plist; sourceTree = "<group>"; };
		A424C05C29EA7FEB0080C7E1 /* CardsViewModel.swift */ = {isa = PBXFileReference; lastKnownFileType = sourcecode.swift; path = CardsViewModel.swift; sourceTree = "<group>"; };
		A424C05E29EA80D70080C7E1 /* Constants.swift */ = {isa = PBXFileReference; lastKnownFileType = sourcecode.swift; path = Constants.swift; sourceTree = "<group>"; };
		A424C06129EA84A10080C7E1 /* NetworkManager.swift */ = {isa = PBXFileReference; lastKnownFileType = sourcecode.swift; path = NetworkManager.swift; sourceTree = "<group>"; };
		A424C06729EA9C080080C7E1 /* RequestHeader.swift */ = {isa = PBXFileReference; lastKnownFileType = sourcecode.swift; path = RequestHeader.swift; sourceTree = "<group>"; };
		A424C06929EA9D7C0080C7E1 /* Card.swift */ = {isa = PBXFileReference; lastKnownFileType = sourcecode.swift; path = Card.swift; sourceTree = "<group>"; };
		A424C06D29EAA0700080C7E1 /* LoyaltyCell.swift */ = {isa = PBXFileReference; lastKnownFileType = sourcecode.swift; path = LoyaltyCell.swift; sourceTree = "<group>"; };
		A424C06F29EAA6C60080C7E1 /* UIView + Extensions.swift */ = {isa = PBXFileReference; lastKnownFileType = sourcecode.swift; path = "UIView + Extensions.swift"; sourceTree = "<group>"; };
		A424C07229EAB32C0080C7E1 /* CompanyCell.swift */ = {isa = PBXFileReference; lastKnownFileType = sourcecode.swift; path = CompanyCell.swift; sourceTree = "<group>"; };
		A424C07429EAB3350080C7E1 /* ActionsCell.swift */ = {isa = PBXFileReference; lastKnownFileType = sourcecode.swift; path = ActionsCell.swift; sourceTree = "<group>"; };
		A424C07629EAB4490080C7E1 /* CGFloat + Extensions.swift */ = {isa = PBXFileReference; lastKnownFileType = sourcecode.swift; path = "CGFloat + Extensions.swift"; sourceTree = "<group>"; };
		A424C07829EAC0420080C7E1 /* UIColor + Extensions.swift */ = {isa = PBXFileReference; lastKnownFileType = sourcecode.swift; path = "UIColor + Extensions.swift"; sourceTree = "<group>"; };
		A424C08729EAFF420080C7E1 /* SpinningCircleView.swift */ = {isa = PBXFileReference; lastKnownFileType = sourcecode.swift; path = SpinningCircleView.swift; sourceTree = "<group>"; };
		A424C08C29EB01950080C7E1 /* LoadingView.swift */ = {isa = PBXFileReference; lastKnownFileType = sourcecode.swift; path = LoadingView.swift; sourceTree = "<group>"; };
		A4D55BAB29ED27E500C61E3B /* ImageCache.swift */ = {isa = PBXFileReference; lastKnownFileType = sourcecode.swift; path = ImageCache.swift; sourceTree = "<group>"; };
/* End PBXFileReference section */

/* Begin PBXFrameworksBuildPhase section */
		A424C04229EA7D2D0080C7E1 /* Frameworks */ = {
			isa = PBXFrameworksBuildPhase;
			buildActionMask = 2147483647;
			files = (
			);
			runOnlyForDeploymentPostprocessing = 0;
		};
/* End PBXFrameworksBuildPhase section */

/* Begin PBXGroup section */
		A424C03C29EA7D2C0080C7E1 = {
			isa = PBXGroup;
			children = (
				A424C04729EA7D2D0080C7E1 /* TechTask-CardsApp */,
				A424C04629EA7D2D0080C7E1 /* Products */,
			);
			sourceTree = "<group>";
		};
		A424C04629EA7D2D0080C7E1 /* Products */ = {
			isa = PBXGroup;
			children = (
				A424C04529EA7D2D0080C7E1 /* TechTask-CardsApp.app */,
			);
			name = Products;
			sourceTree = "<group>";
		};
		A424C04729EA7D2D0080C7E1 /* TechTask-CardsApp */ = {
			isa = PBXGroup;
			children = (
				A424C06B29EAA02D0080C7E1 /* Support */,
				A424C06C29EAA04F0080C7E1 /* CardsScreen */,
				A424C06629EA8A8A0080C7E1 /* Models */,
				A424C06329EA84A40080C7E1 /* Services */,
				A424C06029EA80DB0080C7E1 /* Constants */,
				A424C07129EAA6CE0080C7E1 /* Extensions */,
				A424C08929EAFF480080C7E1 /* CustomUIElements */,
				A424C05129EA7D2D0080C7E1 /* Assets.xcassets */,
				A424C05329EA7D2D0080C7E1 /* LaunchScreen.storyboard */,
				A424C05629EA7D2D0080C7E1 /* Info.plist */,
			);
			path = "TechTask-CardsApp";
			sourceTree = "<group>";
		};
		A424C06029EA80DB0080C7E1 /* Constants */ = {
			isa = PBXGroup;
			children = (
				A424C05E29EA80D70080C7E1 /* Constants.swift */,
			);
			path = Constants;
			sourceTree = "<group>";
		};
		A424C06329EA84A40080C7E1 /* Services */ = {
			isa = PBXGroup;
			children = (
				A424C06129EA84A10080C7E1 /* NetworkManager.swift */,
				A4D55BAB29ED27E500C61E3B /* ImageCache.swift */,
			);
			path = Services;
			sourceTree = "<group>";
		};
		A424C06629EA8A8A0080C7E1 /* Models */ = {
			isa = PBXGroup;
			children = (
				A424C06729EA9C080080C7E1 /* RequestHeader.swift */,
				A424C06929EA9D7C0080C7E1 /* Card.swift */,
			);
			path = Models;
			sourceTree = "<group>";
		};
		A424C06B29EAA02D0080C7E1 /* Support */ = {
			isa = PBXGroup;
			children = (
				A424C04829EA7D2D0080C7E1 /* AppDelegate.swift */,
				A424C04A29EA7D2D0080C7E1 /* SceneDelegate.swift */,
			);
			path = Support;
			sourceTree = "<group>";
		};
		A424C06C29EAA04F0080C7E1 /* CardsScreen */ = {
			isa = PBXGroup;
			children = (
				A424C04C29EA7D2D0080C7E1 /* CardsViewController.swift */,
				A424C05C29EA7FEB0080C7E1 /* CardsViewModel.swift */,
				A424C07E29EAC4F10080C7E1 /* Cells */,
			);
			path = CardsScreen;
			sourceTree = "<group>";
		};
		A424C07129EAA6CE0080C7E1 /* Extensions */ = {
			isa = PBXGroup;
			children = (
				A424C06F29EAA6C60080C7E1 /* UIView + Extensions.swift */,
				A424C07629EAB4490080C7E1 /* CGFloat + Extensions.swift */,
				A424C07829EAC0420080C7E1 /* UIColor + Extensions.swift */,
			);
			path = Extensions;
			sourceTree = "<group>";
		};
		A424C07E29EAC4F10080C7E1 /* Cells */ = {
			isa = PBXGroup;
			children = (
				A424C07229EAB32C0080C7E1 /* CompanyCell.swift */,
				A424C06D29EAA0700080C7E1 /* LoyaltyCell.swift */,
				A424C07429EAB3350080C7E1 /* ActionsCell.swift */,
			);
			path = Cells;
			sourceTree = "<group>";
		};
		A424C08929EAFF480080C7E1 /* CustomUIElements */ = {
			isa = PBXGroup;
			children = (
				A424C08729EAFF420080C7E1 /* SpinningCircleView.swift */,
				A424C08C29EB01950080C7E1 /* LoadingView.swift */,
			);
			path = CustomUIElements;
			sourceTree = "<group>";
		};
/* End PBXGroup section */

/* Begin PBXNativeTarget section */
		A424C04429EA7D2D0080C7E1 /* TechTask-CardsApp */ = {
			isa = PBXNativeTarget;
			buildConfigurationList = A424C05929EA7D2D0080C7E1 /* Build configuration list for PBXNativeTarget "TechTask-CardsApp" */;
			buildPhases = (
				A424C04129EA7D2D0080C7E1 /* Sources */,
				A424C04229EA7D2D0080C7E1 /* Frameworks */,
				A424C04329EA7D2D0080C7E1 /* Resources */,
			);
			buildRules = (
			);
			dependencies = (
			);
			name = "TechTask-CardsApp";
			productName = "TechTask-CardsApp";
			productReference = A424C04529EA7D2D0080C7E1 /* TechTask-CardsApp.app */;
			productType = "com.apple.product-type.application";
		};
/* End PBXNativeTarget section */

/* Begin PBXProject section */
		A424C03D29EA7D2C0080C7E1 /* Project object */ = {
			isa = PBXProject;
			attributes = {
				BuildIndependentTargetsInParallel = 1;
				LastSwiftUpdateCheck = 1420;
				LastUpgradeCheck = 1420;
				TargetAttributes = {
					A424C04429EA7D2D0080C7E1 = {
						CreatedOnToolsVersion = 14.2;
					};
				};
			};
			buildConfigurationList = A424C04029EA7D2C0080C7E1 /* Build configuration list for PBXProject "TechTask-CardsApp" */;
			compatibilityVersion = "Xcode 14.0";
			developmentRegion = en;
			hasScannedForEncodings = 0;
			knownRegions = (
				en,
				Base,
			);
			mainGroup = A424C03C29EA7D2C0080C7E1;
			productRefGroup = A424C04629EA7D2D0080C7E1 /* Products */;
			projectDirPath = "";
			projectRoot = "";
			targets = (
				A424C04429EA7D2D0080C7E1 /* TechTask-CardsApp */,
			);
		};
/* End PBXProject section */

/* Begin PBXResourcesBuildPhase section */
		A424C04329EA7D2D0080C7E1 /* Resources */ = {
			isa = PBXResourcesBuildPhase;
			buildActionMask = 2147483647;
			files = (
				A424C05529EA7D2D0080C7E1 /* LaunchScreen.storyboard in Resources */,
				A424C05229EA7D2D0080C7E1 /* Assets.xcassets in Resources */,
			);
			runOnlyForDeploymentPostprocessing = 0;
		};
/* End PBXResourcesBuildPhase section */

/* Begin PBXSourcesBuildPhase section */
		A424C04129EA7D2D0080C7E1 /* Sources */ = {
			isa = PBXSourcesBuildPhase;
			buildActionMask = 2147483647;
			files = (
				A424C08829EAFF420080C7E1 /* SpinningCircleView.swift in Sources */,
				A424C07029EAA6C60080C7E1 /* UIView + Extensions.swift in Sources */,
				A4D55BAC29ED27E500C61E3B /* ImageCache.swift in Sources */,
				A424C06229EA84A10080C7E1 /* NetworkManager.swift in Sources */,
				A424C05F29EA80D70080C7E1 /* Constants.swift in Sources */,
				A424C07929EAC0420080C7E1 /* UIColor + Extensions.swift in Sources */,
				A424C08D29EB01950080C7E1 /* LoadingView.swift in Sources */,
				A424C05D29EA7FEB0080C7E1 /* CardsViewModel.swift in Sources */,
				A424C06829EA9C080080C7E1 /* RequestHeader.swift in Sources */,
				A424C07529EAB3350080C7E1 /* ActionsCell.swift in Sources */,
				A424C04D29EA7D2D0080C7E1 /* CardsViewController.swift in Sources */,
				A424C04929EA7D2D0080C7E1 /* AppDelegate.swift in Sources */,
				A424C04B29EA7D2D0080C7E1 /* SceneDelegate.swift in Sources */,
				A424C07729EAB4490080C7E1 /* CGFloat + Extensions.swift in Sources */,
				A424C07329EAB32C0080C7E1 /* CompanyCell.swift in Sources */,
				A424C06A29EA9D7C0080C7E1 /* Card.swift in Sources */,
				A424C06E29EAA0700080C7E1 /* LoyaltyCell.swift in Sources */,
			);
			runOnlyForDeploymentPostprocessing = 0;
		};
/* End PBXSourcesBuildPhase section */

/* Begin PBXVariantGroup section */
		A424C05329EA7D2D0080C7E1 /* LaunchScreen.storyboard */ = {
			isa = PBXVariantGroup;
			children = (
				A424C05429EA7D2D0080C7E1 /* Base */,
			);
			name = LaunchScreen.storyboard;
			sourceTree = "<group>";
		};
/* End PBXVariantGroup section */

/* Begin XCBuildConfiguration section */
		A424C05729EA7D2D0080C7E1 /* Debug */ = {
			isa = XCBuildConfiguration;
			buildSettings = {
				ALWAYS_SEARCH_USER_PATHS = NO;
				CLANG_ANALYZER_NONNULL = YES;
				CLANG_ANALYZER_NUMBER_OBJECT_CONVERSION = YES_AGGRESSIVE;
				CLANG_CXX_LANGUAGE_STANDARD = "gnu++20";
				CLANG_ENABLE_MODULES = YES;
				CLANG_ENABLE_OBJC_ARC = YES;
				CLANG_ENABLE_OBJC_WEAK = YES;
				CLANG_WARN_BLOCK_CAPTURE_AUTORELEASING = YES;
				CLANG_WARN_BOOL_CONVERSION = YES;
				CLANG_WARN_COMMA = YES;
				CLANG_WARN_CONSTANT_CONVERSION = YES;
				CLANG_WARN_DEPRECATED_OBJC_IMPLEMENTATIONS = YES;
				CLANG_WARN_DIRECT_OBJC_ISA_USAGE = YES_ERROR;
				CLANG_WARN_DOCUMENTATION_COMMENTS = YES;
				CLANG_WARN_EMPTY_BODY = YES;
				CLANG_WARN_ENUM_CONVERSION = YES;
				CLANG_WARN_INFINITE_RECURSION = YES;
				CLANG_WARN_INT_CONVERSION = YES;
				CLANG_WARN_NON_LITERAL_NULL_CONVERSION = YES;
				CLANG_WARN_OBJC_IMPLICIT_RETAIN_SELF = YES;
				CLANG_WARN_OBJC_LITERAL_CONVERSION = YES;
				CLANG_WARN_OBJC_ROOT_CLASS = YES_ERROR;
				CLANG_WARN_QUOTED_INCLUDE_IN_FRAMEWORK_HEADER = YES;
				CLANG_WARN_RANGE_LOOP_ANALYSIS = YES;
				CLANG_WARN_STRICT_PROTOTYPES = YES;
				CLANG_WARN_SUSPICIOUS_MOVE = YES;
				CLANG_WARN_UNGUARDED_AVAILABILITY = YES_AGGRESSIVE;
				CLANG_WARN_UNREACHABLE_CODE = YES;
				CLANG_WARN__DUPLICATE_METHOD_MATCH = YES;
				COPY_PHASE_STRIP = NO;
				DEBUG_INFORMATION_FORMAT = dwarf;
				ENABLE_STRICT_OBJC_MSGSEND = YES;
				ENABLE_TESTABILITY = YES;
				GCC_C_LANGUAGE_STANDARD = gnu11;
				GCC_DYNAMIC_NO_PIC = NO;
				GCC_NO_COMMON_BLOCKS = YES;
				GCC_OPTIMIZATION_LEVEL = 0;
				GCC_PREPROCESSOR_DEFINITIONS = (
					"DEBUG=1",
					"$(inherited)",
				);
				GCC_WARN_64_TO_32_BIT_CONVERSION = YES;
				GCC_WARN_ABOUT_RETURN_TYPE = YES_ERROR;
				GCC_WARN_UNDECLARED_SELECTOR = YES;
				GCC_WARN_UNINITIALIZED_AUTOS = YES_AGGRESSIVE;
				GCC_WARN_UNUSED_FUNCTION = YES;
				GCC_WARN_UNUSED_VARIABLE = YES;
				IPHONEOS_DEPLOYMENT_TARGET = 16.2;
				MTL_ENABLE_DEBUG_INFO = INCLUDE_SOURCE;
				MTL_FAST_MATH = YES;
				ONLY_ACTIVE_ARCH = YES;
				SDKROOT = iphoneos;
				SWIFT_ACTIVE_COMPILATION_CONDITIONS = DEBUG;
				SWIFT_OPTIMIZATION_LEVEL = "-Onone";
			};
			name = Debug;
		};
		A424C05829EA7D2D0080C7E1 /* Release */ = {
			isa = XCBuildConfiguration;
			buildSettings = {
				ALWAYS_SEARCH_USER_PATHS = NO;
				CLANG_ANALYZER_NONNULL = YES;
				CLANG_ANALYZER_NUMBER_OBJECT_CONVERSION = YES_AGGRESSIVE;
				CLANG_CXX_LANGUAGE_STANDARD = "gnu++20";
				CLANG_ENABLE_MODULES = YES;
				CLANG_ENABLE_OBJC_ARC = YES;
				CLANG_ENABLE_OBJC_WEAK = YES;
				CLANG_WARN_BLOCK_CAPTURE_AUTORELEASING = YES;
				CLANG_WARN_BOOL_CONVERSION = YES;
				CLANG_WARN_COMMA = YES;
				CLANG_WARN_CONSTANT_CONVERSION = YES;
				CLANG_WARN_DEPRECATED_OBJC_IMPLEMENTATIONS = YES;
				CLANG_WARN_DIRECT_OBJC_ISA_USAGE = YES_ERROR;
				CLANG_WARN_DOCUMENTATION_COMMENTS = YES;
				CLANG_WARN_EMPTY_BODY = YES;
				CLANG_WARN_ENUM_CONVERSION = YES;
				CLANG_WARN_INFINITE_RECURSION = YES;
				CLANG_WARN_INT_CONVERSION = YES;
				CLANG_WARN_NON_LITERAL_NULL_CONVERSION = YES;
				CLANG_WARN_OBJC_IMPLICIT_RETAIN_SELF = YES;
				CLANG_WARN_OBJC_LITERAL_CONVERSION = YES;
				CLANG_WARN_OBJC_ROOT_CLASS = YES_ERROR;
				CLANG_WARN_QUOTED_INCLUDE_IN_FRAMEWORK_HEADER = YES;
				CLANG_WARN_RANGE_LOOP_ANALYSIS = YES;
				CLANG_WARN_STRICT_PROTOTYPES = YES;
				CLANG_WARN_SUSPICIOUS_MOVE = YES;
				CLANG_WARN_UNGUARDED_AVAILABILITY = YES_AGGRESSIVE;
				CLANG_WARN_UNREACHABLE_CODE = YES;
				CLANG_WARN__DUPLICATE_METHOD_MATCH = YES;
				COPY_PHASE_STRIP = NO;
				DEBUG_INFORMATION_FORMAT = "dwarf-with-dsym";
				ENABLE_NS_ASSERTIONS = NO;
				ENABLE_STRICT_OBJC_MSGSEND = YES;
				GCC_C_LANGUAGE_STANDARD = gnu11;
				GCC_NO_COMMON_BLOCKS = YES;
				GCC_WARN_64_TO_32_BIT_CONVERSION = YES;
				GCC_WARN_ABOUT_RETURN_TYPE = YES_ERROR;
				GCC_WARN_UNDECLARED_SELECTOR = YES;
				GCC_WARN_UNINITIALIZED_AUTOS = YES_AGGRESSIVE;
				GCC_WARN_UNUSED_FUNCTION = YES;
				GCC_WARN_UNUSED_VARIABLE = YES;
				IPHONEOS_DEPLOYMENT_TARGET = 16.2;
				MTL_ENABLE_DEBUG_INFO = NO;
				MTL_FAST_MATH = YES;
				SDKROOT = iphoneos;
				SWIFT_COMPILATION_MODE = wholemodule;
				SWIFT_OPTIMIZATION_LEVEL = "-O";
				VALIDATE_PRODUCT = YES;
			};
			name = Release;
		};
		A424C05A29EA7D2D0080C7E1 /* Debug */ = {
			isa = XCBuildConfiguration;
			buildSettings = {
				ASSETCATALOG_COMPILER_APPICON_NAME = AppIcon;
				ASSETCATALOG_COMPILER_GLOBAL_ACCENT_COLOR_NAME = AccentColor;
				CODE_SIGN_STYLE = Automatic;
				CURRENT_PROJECT_VERSION = 1;
				DEVELOPMENT_TEAM = QK4FM8H5KR;
				GENERATE_INFOPLIST_FILE = YES;
				INFOPLIST_FILE = "TechTask-CardsApp/Info.plist";
				INFOPLIST_KEY_UIApplicationSupportsIndirectInputEvents = YES;
				INFOPLIST_KEY_UILaunchStoryboardName = LaunchScreen;
				INFOPLIST_KEY_UISupportedInterfaceOrientations_iPad = "UIInterfaceOrientationPortrait UIInterfaceOrientationPortraitUpsideDown UIInterfaceOrientationLandscapeLeft UIInterfaceOrientationLandscapeRight";
				INFOPLIST_KEY_UISupportedInterfaceOrientations_iPhone = "UIInterfaceOrientationPortrait UIInterfaceOrientationLandscapeLeft UIInterfaceOrientationLandscapeRight";
				LD_RUNPATH_SEARCH_PATHS = (
					"$(inherited)",
					"@executable_path/Frameworks",
				);
				MARKETING_VERSION = 1.0;
				PRODUCT_BUNDLE_IDENTIFIER = "None.TechTask-CardsApp";
				PRODUCT_NAME = "$(TARGET_NAME)";
				SWIFT_EMIT_LOC_STRINGS = YES;
				SWIFT_VERSION = 5.0;
				TARGETED_DEVICE_FAMILY = "1,2";
			};
			name = Debug;
		};
		A424C05B29EA7D2D0080C7E1 /* Release */ = {
			isa = XCBuildConfiguration;
			buildSettings = {
				ASSETCATALOG_COMPILER_APPICON_NAME = AppIcon;
				ASSETCATALOG_COMPILER_GLOBAL_ACCENT_COLOR_NAME = AccentColor;
				CODE_SIGN_STYLE = Automatic;
				CURRENT_PROJECT_VERSION = 1;
				DEVELOPMENT_TEAM = QK4FM8H5KR;
				GENERATE_INFOPLIST_FILE = YES;
				INFOPLIST_FILE = "TechTask-CardsApp/Info.plist";
				INFOPLIST_KEY_UIApplicationSupportsIndirectInputEvents = YES;
				INFOPLIST_KEY_UILaunchStoryboardName = LaunchScreen;
				INFOPLIST_KEY_UISupportedInterfaceOrientations_iPad = "UIInterfaceOrientationPortrait UIInterfaceOrientationPortraitUpsideDown UIInterfaceOrientationLandscapeLeft UIInterfaceOrientationLandscapeRight";
				INFOPLIST_KEY_UISupportedInterfaceOrientations_iPhone = "UIInterfaceOrientationPortrait UIInterfaceOrientationLandscapeLeft UIInterfaceOrientationLandscapeRight";
				LD_RUNPATH_SEARCH_PATHS = (
					"$(inherited)",
					"@executable_path/Frameworks",
				);
				MARKETING_VERSION = 1.0;
				PRODUCT_BUNDLE_IDENTIFIER = "None.TechTask-CardsApp";
				PRODUCT_NAME = "$(TARGET_NAME)";
				SWIFT_EMIT_LOC_STRINGS = YES;
				SWIFT_VERSION = 5.0;
				TARGETED_DEVICE_FAMILY = "1,2";
			};
			name = Release;
		};
/* End XCBuildConfiguration section */

/* Begin XCConfigurationList section */
		A424C04029EA7D2C0080C7E1 /* Build configuration list for PBXProject "TechTask-CardsApp" */ = {
			isa = XCConfigurationList;
			buildConfigurations = (
				A424C05729EA7D2D0080C7E1 /* Debug */,
				A424C05829EA7D2D0080C7E1 /* Release */,
			);
			defaultConfigurationIsVisible = 0;
			defaultConfigurationName = Release;
		};
		A424C05929EA7D2D0080C7E1 /* Build configuration list for PBXNativeTarget "TechTask-CardsApp" */ = {
			isa = XCConfigurationList;
			buildConfigurations = (
				A424C05A29EA7D2D0080C7E1 /* Debug */,
				A424C05B29EA7D2D0080C7E1 /* Release */,
			);
			defaultConfigurationIsVisible = 0;
			defaultConfigurationName = Release;
		};
/* End XCConfigurationList section */
	};
	rootObject = A424C03D29EA7D2C0080C7E1 /* Project object */;
}
